
Microsoft Visual Studio Solution File, Format Version 12.00
# Visual Studio for Mac
Project("{FAE04EC0-301F-11D3-BF4B-00C04F79EFBC}") = "Assembly-CSharp", "Assembly-CSharp.csproj", "{FF3E0BB3-CFD6-80B6-963D-52110E64454A}"
EndProject
Project("{FAE04EC0-301F-11D3-BF4B-00C04F79EFBC}") = "Oculus.VR", "Oculus.VR.csproj", "{18BF0543-477E-27D0-0A39-8991E90E89D5}"
EndProject
Project("{FAE04EC0-301F-11D3-BF4B-00C04F79EFBC}") = "Assembly-CSharp-Editor", "Assembly-CSharp-Editor.csproj", "{33949133-78E3-F177-45E0-02C3DADC1E7D}"
EndProject
Project("{FAE04EC0-301F-11D3-BF4B-00C04F79EFBC}") = "Oculus.VR.Scripts.Editor", "Oculus.VR.Scripts.Editor.csproj", "{D281419B-52B4-10FC-6999-C51660FFC0A4}"
EndProject
Project("{FAE04EC0-301F-11D3-BF4B-00C04F79EFBC}") = "Oculus.VR.Editor", "Oculus.VR.Editor.csproj", "{6C0FB83F-2983-3956-692A-1D4D2A286CB6}"
EndProject
Global
	GlobalSection(SolutionConfigurationPlatforms) = preSolution
		Debug|Any CPU = Debug|Any CPU
		Release|Any CPU = Release|Any CPU
	EndGlobalSection
	GlobalSection(ProjectConfigurationPlatforms) = postSolution
		{FF3E0BB3-CFD6-80B6-963D-52110E64454A}.Debug|Any CPU.ActiveCfg = Debug|Any CPU
		{FF3E0BB3-CFD6-80B6-963D-52110E64454A}.Debug|Any CPU.Build.0 = Debug|Any CPU
		{FF3E0BB3-CFD6-80B6-963D-52110E64454A}.Release|Any CPU.ActiveCfg = Release|Any CPU
		{FF3E0BB3-CFD6-80B6-963D-52110E64454A}.Release|Any CPU.Build.0 = Release|Any CPU
		{18BF0543-477E-27D0-0A39-8991E90E89D5}.Debug|Any CPU.ActiveCfg = Debug|Any CPU
		{18BF0543-477E-27D0-0A39-8991E90E89D5}.Debug|Any CPU.Build.0 = Debug|Any CPU
		{18BF0543-477E-27D0-0A39-8991E90E89D5}.Release|Any CPU.ActiveCfg = Release|Any CPU
		{18BF0543-477E-27D0-0A39-8991E90E89D5}.Release|Any CPU.Build.0 = Release|Any CPU
		{33949133-78E3-F177-45E0-02C3DADC1E7D}.Debug|Any CPU.ActiveCfg = Debug|Any CPU
		{33949133-78E3-F177-45E0-02C3DADC1E7D}.Debug|Any CPU.Build.0 = Debug|Any CPU
		{33949133-78E3-F177-45E0-02C3DADC1E7D}.Release|Any CPU.ActiveCfg = Release|Any CPU
		{33949133-78E3-F177-45E0-02C3DADC1E7D}.Release|Any CPU.Build.0 = Release|Any CPU
		{D281419B-52B4-10FC-6999-C51660FFC0A4}.Debug|Any CPU.ActiveCfg = Debug|Any CPU
		{D281419B-52B4-10FC-6999-C51660FFC0A4}.Debug|Any CPU.Build.0 = Debug|Any CPU
		{D281419B-52B4-10FC-6999-C51660FFC0A4}.Release|Any CPU.ActiveCfg = Release|Any CPU
		{D281419B-52B4-10FC-6999-C51660FFC0A4}.Release|Any CPU.Build.0 = Release|Any CPU
		{6C0FB83F-2983-3956-692A-1D4D2A286CB6}.Debug|Any CPU.ActiveCfg = Debug|Any CPU
		{6C0FB83F-2983-3956-692A-1D4D2A286CB6}.Debug|Any CPU.Build.0 = Debug|Any CPU
		{6C0FB83F-2983-3956-692A-1D4D2A286CB6}.Release|Any CPU.ActiveCfg = Release|Any CPU
		{6C0FB83F-2983-3956-692A-1D4D2A286CB6}.Release|Any CPU.Build.0 = Release|Any CPU
	EndGlobalSection
	GlobalSection(SolutionProperties) = preSolution
		HideSolutionNode = FALSE
	EndGlobalSection
EndGlobal
